
Microsoft Visual Studio Solution File, Format Version 12.00
# Visual Studio Version 16
VisualStudioVersion = 16.0.34301.259
MinimumVisualStudioVersion = 10.0.40219.1
Project("{FAE04EC0-301F-11D3-BF4B-00C04F79EFBC}") = "Assembly-CSharp", "Assembly-CSharp.csproj", "{A419BA9B-D9EE-1BD2-7DF5-396676C341D7}"
EndProject
Project("{FAE04EC0-301F-11D3-BF4B-00C04F79EFBC}") = "Unity.Netcode.Runtime", "Unity.Netcode.Runtime.csproj", "{4C7EAB76-7172-4C46-848E-58ECF7FE1CF9}"
EndProject
Project("{FAE04EC0-301F-11D3-BF4B-00C04F79EFBC}") = "Unity.Netcode.Components", "Unity.Netcode.Components.csproj", "{257B975C-FE2A-5916-A124-BB2B4B52DAFA}"
EndProject
Project("{FAE04EC0-301F-11D3-BF4B-00C04F79EFBC}") = "Unity.Netcode.Editor.CodeGen", "Unity.Netcode.Editor.CodeGen.csproj", "{C851C4F1-4003-BBD2-DECD-C47ACA63AD33}"
EndProject
Project("{FAE04EC0-301F-11D3-BF4B-00C04F79EFBC}") = "Unity.Netcode.Editor", "Unity.Netcode.Editor.csproj", "{7B5125B6-3586-1CB3-7F3E-B1A2C2A0F9C0}"
EndProject
Project("{FAE04EC0-301F-11D3-BF4B-00C04F79EFBC}") = "Bootstrap", "Bootstrap.csproj", "{37C80408-1EF0-279C-F374-85CBCAC9A9C0}"
EndProject
Project("{FAE04EC0-301F-11D3-BF4B-00C04F79EFBC}") = "Unity.Netcode.Editor.PackageChecker", "Unity.Netcode.Editor.PackageChecker.csproj", "{A7A85554-E1F5-0A76-BBBF-81C221FF3DAC}"
EndProject
Global
	GlobalSection(SolutionConfigurationPlatforms) = preSolution
		Debug|Any CPU = Debug|Any CPU
		Release|Any CPU = Release|Any CPU
	EndGlobalSection
	GlobalSection(ProjectConfigurationPlatforms) = postSolution
		{A419BA9B-D9EE-1BD2-7DF5-396676C341D7}.Debug|Any CPU.ActiveCfg = Debug|Any CPU
		{A419BA9B-D9EE-1BD2-7DF5-396676C341D7}.Debug|Any CPU.Build.0 = Debug|Any CPU
		{A419BA9B-D9EE-1BD2-7DF5-396676C341D7}.Release|Any CPU.ActiveCfg = Release|Any CPU
		{A419BA9B-D9EE-1BD2-7DF5-396676C341D7}.Release|Any CPU.Build.0 = Release|Any CPU
		{4C7EAB76-7172-4C46-848E-58ECF7FE1CF9}.Debug|Any CPU.ActiveCfg = Debug|Any CPU
		{4C7EAB76-7172-4C46-848E-58ECF7FE1CF9}.Debug|Any CPU.Build.0 = Debug|Any CPU
		{4C7EAB76-7172-4C46-848E-58ECF7FE1CF9}.Release|Any CPU.ActiveCfg = Release|Any CPU
		{4C7EAB76-7172-4C46-848E-58ECF7FE1CF9}.Release|Any CPU.Build.0 = Release|Any CPU
		{257B975C-FE2A-5916-A124-BB2B4B52DAFA}.Debug|Any CPU.ActiveCfg = Debug|Any CPU
		{257B975C-FE2A-5916-A124-BB2B4B52DAFA}.Debug|Any CPU.Build.0 = Debug|Any CPU
		{257B975C-FE2A-5916-A124-BB2B4B52DAFA}.Release|Any CPU.ActiveCfg = Release|Any CPU
		{257B975C-FE2A-5916-A124-BB2B4B52DAFA}.Release|Any CPU.Build.0 = Release|Any CPU
		{C851C4F1-4003-BBD2-DECD-C47ACA63AD33}.Debug|Any CPU.ActiveCfg = Debug|Any CPU
		{C851C4F1-4003-BBD2-DECD-C47ACA63AD33}.Debug|Any CPU.Build.0 = Debug|Any CPU
		{C851C4F1-4003-BBD2-DECD-C47ACA63AD33}.Release|Any CPU.ActiveCfg = Release|Any CPU
		{C851C4F1-4003-BBD2-DECD-C47ACA63AD33}.Release|Any CPU.Build.0 = Release|Any CPU
		{7B5125B6-3586-1CB3-7F3E-B1A2C2A0F9C0}.Debug|Any CPU.ActiveCfg = Debug|Any CPU
		{7B5125B6-3586-1CB3-7F3E-B1A2C2A0F9C0}.Debug|Any CPU.Build.0 = Debug|Any CPU
		{7B5125B6-3586-1CB3-7F3E-B1A2C2A0F9C0}.Release|Any CPU.ActiveCfg = Release|Any CPU
		{7B5125B6-3586-1CB3-7F3E-B1A2C2A0F9C0}.Release|Any CPU.Build.0 = Release|Any CPU
		{37C80408-1EF0-279C-F374-85CBCAC9A9C0}.Debug|Any CPU.ActiveCfg = Debug|Any CPU
		{37C80408-1EF0-279C-F374-85CBCAC9A9C0}.Debug|Any CPU.Build.0 = Debug|Any CPU
		{37C80408-1EF0-279C-F374-85CBCAC9A9C0}.Release|Any CPU.ActiveCfg = Release|Any CPU
		{37C80408-1EF0-279C-F374-85CBCAC9A9C0}.Release|Any CPU.Build.0 = Release|Any CPU
		{A7A85554-E1F5-0A76-BBBF-81C221FF3DAC}.Debug|Any CPU.ActiveCfg = Debug|Any CPU
		{A7A85554-E1F5-0A76-BBBF-81C221FF3DAC}.Debug|Any CPU.Build.0 = Debug|Any CPU
		{A7A85554-E1F5-0A76-BBBF-81C221FF3DAC}.Release|Any CPU.ActiveCfg = Release|Any CPU
		{A7A85554-E1F5-0A76-BBBF-81C221FF3DAC}.Release|Any CPU.Build.0 = Release|Any CPU
	EndGlobalSection
	GlobalSection(SolutionProperties) = preSolution
		HideSolutionNode = FALSE
	EndGlobalSection
	GlobalSection(ExtensibilityGlobals) = postSolution
		SolutionGuid = {9B8D3CB3-AF87-4C96-B480-657D27C10717}
	EndGlobalSection
EndGlobal
